{
  "name": "bitkit-docker-marketplace-driver",
  "version": "0.1.0",
  "lockfileVersion": 3,
  "requires": true,
  "packages": {
    "": {
      "name": "bitkit-docker-marketplace-driver",
      "version": "0.1.0",
      "dependencies": {
        "@noble/hashes": "1.8.0",
        "@scure/bip32": "1.7.0",
        "@synonymdev/pubky": "0.9.3"
      }
    },
    "node_modules/@noble/curves": {
      "version": "1.9.7",
      "resolved": "https://registry.npmjs.org/@noble/curves/-/curves-1.9.7.tgz",
      "integrity": "sha512-gbKGcRUYIjA3/zCCNaWDciTMFI0dCkvou3TL8Zmy5Nc7sJ47a0jtOeZoTaMxkuqRo9cRhjOdZJXegxYE5FN/xw==",
      "license": "MIT",
      "dependencies": {
        "@noble/hashes": "1.8.0"
      },
      "engines": {
        "node": "^14.21.3 || >=16"
      },
      "funding": {
        "url": "https://paulmillr.com/funding/"
      }
    },
    "node_modules/@noble/hashes": {
      "version": "1.8.0",
      "resolved": "https://registry.npmjs.org/@noble/hashes/-/hashes-1.8.0.tgz",
      "integrity": "sha512-jCs9ldd7NwzpgXDIf6P3+NrHh9/sD6CQdxHyjQI+h/6rDNo88ypBxxz45UDuZHz9r3tNz7N/VInSVoVdtXEI4A==",
      "license": "MIT",
      "engines": {
        "node": "^14.21.3 || >=16"
      },
      "funding": {
        "url": "https://paulmillr.com/funding/"
      }
    },
    "node_modules/@scure/base": {
      "version": "1.2.6",
      "resolved": "https://registry.npmjs.org/@scure/base/-/base-1.2.6.tgz",
      "integrity": "sha512-g/nm5FgUa//MCj1gV09zTJTaM6KBAHqLN907YVQqf7zC49+DcO4B1so4ZX07Ef10Twr6nuqYEH9GEggFXA4Fmg==",
      "license": "MIT",
      "funding": {
        "url": "https://paulmillr.com/funding/"
      }
    },
    "node_modules/@scure/bip32": {
      "version": "1.7.0",
      "resolved": "https://registry.npmjs.org/@scure/bip32/-/bip32-1.7.0.tgz",
      "integrity": "sha512-E4FFX/N3f4B80AKWp5dP6ow+flD1LQZo/w8UnLGYZO674jS6YnYeepycOOksv+vLPSpgN35wgKgy+ybfTb2SMw==",
      "license": "MIT",
      "dependencies": {
        "@noble/curves": "~1.9.0",
        "@noble/hashes": "~1.8.0",
        "@scure/base": "~1.2.5"
      },
      "funding": {
        "url": "https://paulmillr.com/funding/"
      }
    },
    "node_modules/@synonymdev/pubky": {
      "version": "0.9.3",
      "resolved": "https://registry.npmjs.org/@synonymdev/pubky/-/pubky-0.9.3.tgz",
      "integrity": "sha512-3Kl8Ad+yy5moAUc9PrcUypaMhzk5VW7f/bckUMi8mNQU1heEX8sT2VqMM5+lkQN13R9ZWQRV4j4osYGXR3zT6A==",
      "license": "MIT",
      "dependencies": {
        "fetch-cookie": "^3.0.1"
      }
    },
    "node_modules/fetch-cookie": {
      "version": "3.2.0",
      "resolved": "https://registry.npmjs.org/fetch-cookie/-/fetch-cookie-3.2.0.tgz",
      "integrity": "sha512-n61pQIxP25C6DRhcJxn7BDzgHP/+S56Urowb5WFxtcRMpU6drqXD90xjyAsVQYsNSNNVbaCcYY1DuHsdkZLuiA==",
      "license": "Unlicense",
      "dependencies": {
        "set-cookie-parser": "^2.4.8",
        "tough-cookie": "^6.0.0"
      }
    },
    "node_modules/set-cookie-parser": {
      "version": "2.7.2",
      "resolved": "https://registry.npmjs.org/set-cookie-parser/-/set-cookie-parser-2.7.2.tgz",
      "integrity": "sha512-oeM1lpU/UvhTxw+g3cIfxXHyJRc/uidd3yK1P242gzHds0udQBYzs3y8j4gCCW+ZJ7ad0yctld8RYO+bdurlvw==",
      "license": "MIT"
    },
    "node_modules/tldts": {
      "version": "7.4.4",
      "resolved": "https://registry.npmjs.org/tldts/-/tldts-7.4.4.tgz",
      "integrity": "sha512-kFXFK7O4WPextIUAOk8qtnw9dxR9UIXP9CjuH1cTBVBZMDeQcUPgr/IazGiw1B0Yiw5L75gHLWeW4iD793r90g==",
      "license": "MIT",
      "dependencies": {
        "tldts-core": "^7.4.4"
      },
      "bin": {
        "tldts": "bin/cli.js"
      }
    },
    "node_modules/tldts-core": {
      "version": "7.4.4",
      "resolved": "https://registry.npmjs.org/tldts-core/-/tldts-core-7.4.4.tgz",
      "integrity": "sha512-vwVLJVvvpslm7vqAH7+XNj/neA/Ynq7DT2EEcMuwc5YzN5XaMyRAqxwU+uX3azZ1FQtB2gvrvnLnAEkvYlVdfg==",
      "license": "MIT"
    },
    "node_modules/tough-cookie": {
      "version": "6.0.1",
      "resolved": "https://registry.npmjs.org/tough-cookie/-/tough-cookie-6.0.1.tgz",
      "integrity": "sha512-LktZQb3IeoUWB9lqR5EWTHgW/VTITCXg4D21M+lvybRVdylLrRMnqaIONLVb5mav8vM19m44HIcGq4qASeu2Qw==",
      "license": "BSD-3-Clause",
      "dependencies": {
        "tldts": "^7.0.5"
      },
      "engines": {
        "node": ">=16"
      }
    }
  }
}
